
Microsoft Visual Studio Solution File, Format Version 12.00
# Visual Studio Version 17
VisualStudioVersion = 17.2.32516.85
MinimumVisualStudioVersion = 10.0.40219.1
Project("{FAE04EC0-301F-11D3-BF4B-00C04F79EFBC}") = "ParallelCS", "ParallelCS.csproj", "{9640C52E-17F2-472B-8BDE-BA50543CCE8C}"
EndProject
Global
	GlobalSection(SolutionConfigurationPlatforms) = preSolution
		Debug|Any CPU = Debug|Any CPU
		Release|Any CPU = Release|Any CPU
	EndGlobalSection
	GlobalSection(ProjectConfigurationPlatforms) = postSolution
		{9640C52E-17F2-472B-8BDE-BA50543CCE8C}.Debug|Any CPU.ActiveCfg = Debug|Any CPU
		{9640C52E-17F2-472B-8BDE-BA50543CCE8C}.Debug|Any CPU.Build.0 = Debug|Any CPU
		{9640C52E-17F2-472B-8BDE-BA50543CCE8C}.Release|Any CPU.ActiveCfg = Release|Any CPU
		{9640C52E-17F2-472B-8BDE-BA50543CCE8C}.Release|Any CPU.Build.0 = Release|Any CPU
	EndGlobalSection
	GlobalSection(SolutionProperties) = preSolution
		HideSolutionNode = FALSE
	EndGlobalSection
	GlobalSection(ExtensibilityGlobals) = postSolution
		SolutionGuid = {F61A4BE1-DBA9-4A30-9A3D-0CEB9A47FE36}
	EndGlobalSection
EndGlobal
